PODS:
  - Alamofire (4.4.0)
  - AlamofireImage (3.2.0):
    - Alamofire (~> 4.1)
  - AsyncSwift (2.0.1)
  - CardIO (5.4.1)
  - Crashlytics (3.8.4):
    - Fabric (~> 1.6.3)
  - Decodable (0.5)
  - Device (2.1.0)
  - DynamicColor (3.3)
  - Eureka (3.0.0)
  - Fabric (1.6.11)
  - KeychainAccess (3.0.2)
  - Nimble (5.1.1)
  - NVActivityIndicatorView (3.6.1)
  - OperaSwift (2.0.0):
    - Alamofire (~> 4.4.0)
    - RxCocoa (~> 3.4.0)
    - RxSwift (~> 3.4.0)
  - PayPal-iOS-SDK (2.17.0):
    - PayPal-iOS-SDK/CardIO (= 2.17.0)
    - PayPal-iOS-SDK/Core (= 2.17.0)
  - PayPal-iOS-SDK/CardIO (2.17.0):
    - CardIO (~> 5.4.1)
  - PayPal-iOS-SDK/Core (2.17.0)
  - Quick (1.1.0)
  - R.swift (3.2.0):
    - R.swift.Library (~> 3.0.2)
  - R.swift.Library (3.0.2)
  - Realm (2.7.0):
    - Realm/Headers (= 2.7.0)
  - Realm/Headers (2.7.0)
  - RealmSwift (2.7.0):
    - Realm (= 2.7.0)
  - Result (3.2.2)
  - RxAlamofire (3.0.3):
    - RxAlamofire/Core (= 3.0.3)
  - RxAlamofire/Core (3.0.3):
    - Alamofire (~> 4.0)
    - RxSwift (~> 3.0)
  - RxCocoa (3.4.1):
    - RxSwift (~> 3.4)
  - RxSwift (3.4.1)
  - SwiftDate (4.1.2)
  - WebLinking (1.1.0)
  - XLPagerTabStrip (7.0.0)
  - XLSwiftKit (2.0.1)

DEPENDENCIES:
  - Alamofire (~> 4.0)
  - AlamofireImage (~> 3.0)
  - AsyncSwift (~> 2.0)
  - Crashlytics
  - Decodable (~> 0.5)
  - Device (~> 2.0)
  - DynamicColor (~> 3.0)
  - Eureka (~> 3.0)
  - Fabric (~> 1.6)
  - KeychainAccess (~> 3.0)
  - Nimble (~> 5.0)
  - NVActivityIndicatorView (~> 3.0)
  - OperaSwift (~> 2.0)
  - PayPal-iOS-SDK
  - Quick (~> 1.0)
  - R.swift (~> 3.0)
  - RealmSwift (~> 2.0)
  - Result (~> 3.0)
  - RxAlamofire (~> 3.0)
  - RxCocoa (~> 3.4.1)
  - RxSwift (~> 3.4.0)
  - SwiftDate (~> 4.0)
  - WebLinking (from `https://github.com/kylef/WebLinking.swift`, branch `master`)
  - XLPagerTabStrip (~> 7.0)
  - XLSwiftKit (~> 2.0)

EXTERNAL SOURCES:
  WebLinking:
    :branch: master
    :git: https://github.com/kylef/WebLinking.swift

CHECKOUT OPTIONS:
  WebLinking:
    :commit: fddbacc30deab8afe12ce1d3b78bd27c593a0c29
    :git: https://github.com/kylef/WebLinking.swift

SPEC CHECKSUMS:
  Alamofire: dc44b1600b800eb63da6a19039a0083d62a6a62d
  AlamofireImage: 157ed682cc81d3b9db4fb90c1f12180ac552d93b
  AsyncSwift: 632138e42ead868b53c745fcde9bf733ce1527ad
  CardIO: 56983b39b62f495fc6dae9ad7cf875143df06443
  Crashlytics: 79e236942ca1e7fc641df1feb9a275360a78ab6a
  Decodable: 7c90acc68d357b71d0d6efc120faf9c53c644b7e
  Device: b6f1eac43c482e9b4be50e7606253f2a27449685
  DynamicColor: 3cdaa1e01c16e93ba744e0630f768373e0fc7a7d
  Eureka: f36fd440c3ebb7bfea0a4fbe6f16a05f1cb35906
  Fabric: 5911403591946b8228ab1c51d98f1d7137e863c6
  KeychainAccess: a986406022dfc7c634c691ad3bec670cc6a32002
  Nimble: 415e3aa3267e7bc2c96b05fa814ddea7bb686a29
  NVActivityIndicatorView: 9f52a7f84bf5c6a798722c450fe3c198e01c56ed
  OperaSwift: c545476deab7a43dab1ca6a273bdb6f79382688f
  PayPal-iOS-SDK: 849321f6214a7187ee4cc684f63fe509df4c4a36
  Quick: dafc587e21eed9f4cab3249b9f9015b0b7a7f71d
  R.swift: 207a372a2b5977caef440c696a368009460641d1
  R.swift.Library: fbdec16c9802ad104fc1ba53415dc190e6ec5c73
  Realm: 07e5d3a9e0e41d65fd5f9f05150ed6295d0f093b
  RealmSwift: 6d06425d3900c86473c4f323bf6949b43fca22bc
  Result: 4edd39003fdccf281d418ee1b006571f70123250
  RxAlamofire: 5eb39188c4917ad98127c0ecb4878a61b7517003
  RxCocoa: a8a5f1d061d0043e28f56976829f31ce63e8eb09
  RxSwift: 656f8fbeca5bc372121a72d9ebdd3cd3bc0ffade
  SwiftDate: 2dfdebd4f67ae71c9c3e2413ee3c56947f302858
  WebLinking: 3f71787c14a225148e8be29fe6e7c98597cbc459
  XLPagerTabStrip: 9be80a66c6b7d60306b2c0a6004965016d68f813
  XLSwiftKit: aaf29528b340180a5d7b9c7e226c0e8fe188f3f5

PODFILE CHECKSUM: 392a08e00255f891ebd30d5dd53b0ac7ad3100ee

COCOAPODS: 1.2.0
