PODS:
  - Alamofire (4.4.0)
  - AlamofireImage (3.2.0):
    - Alamofire (~> 4.1)
  - AsyncSwift (2.0.1)
  - Crashlytics (3.8.4):
    - Fabric (~> 1.6.3)
  - Decodable (0.5)
  - Device (2.1.0)
  - DynamicColor (3.3)
  - Eureka (3.0.0)
  - Fabric (1.6.11)
  - KeychainAccess (3.0.2)
  - Nimble (5.1.1)
  - NVActivityIndicatorView (3.6.1)
  - Opera (1.0.0):
    - Alamofire (~> 4.0)
    - RxCocoa (~> 3.0.1)
    - RxSwift (~> 3.0.1)
  - Quick (1.1.0)
  - R.swift (3.2.0):
    - R.swift.Library (~> 3.0.2)
  - R.swift.Library (3.0.2)
  - Realm (2.7.0):
    - Realm/Headers (= 2.7.0)
  - Realm/Headers (2.7.0)
  - RealmSwift (2.7.0):
    - Realm (= 2.7.0)
  - Result (3.2.2)
  - RxAlamofire (3.0.2):
    - RxAlamofire/Core (= 3.0.2)
  - RxAlamofire/Core (3.0.2):
    - Alamofire (~> 4.0)
    - RxSwift (~> 3.0)
  - RxCocoa (3.0.1):
    - RxSwift (~> 3.0)
  - RxSwift (3.0.1)
  - SwiftDate (4.1.2)
  - WebLinking (1.1.0)
  - XLPagerTabStrip (7.0.0)
  - XLSwiftKit (2.0.1)

DEPENDENCIES:
  - Alamofire (~> 4.0)
  - AlamofireImage (~> 3.0)
  - AsyncSwift (~> 2.0)
  - Crashlytics
  - Decodable (~> 0.5)
  - Device (~> 2.0)
  - DynamicColor (~> 3.0)
  - Eureka (~> 3.0)
  - Fabric (~> 1.6)
  - KeychainAccess (~> 3.0)
  - Nimble (~> 5.0)
  - NVActivityIndicatorView (~> 3.0)
  - Opera (from `https://github.com/xmartlabs/Opera.git`, branch `Swift3`)
  - Quick (~> 1.0)
  - R.swift (~> 3.0)
  - RealmSwift (~> 2.0)
  - Result (~> 3.0)
  - RxAlamofire (~> 3.0)
  - RxCocoa (~> 3.0)
  - RxSwift (~> 3.0)
  - SwiftDate (~> 4.0)
  - WebLinking (from `https://github.com/kylef/WebLinking.swift`, branch `master`)
  - XLPagerTabStrip (~> 7.0)
  - XLSwiftKit (~> 2.0)

EXTERNAL SOURCES:
  Opera:
    :branch: Swift3
    :git: https://github.com/xmartlabs/Opera.git
  WebLinking:
    :branch: master
    :git: https://github.com/kylef/WebLinking.swift

CHECKOUT OPTIONS:
  Opera:
    :commit: c81c84dad0d9a96bb7f6017fdd6a30f23f4492d7
    :git: https://github.com/xmartlabs/Opera.git
  WebLinking:
    :commit: fddbacc30deab8afe12ce1d3b78bd27c593a0c29
    :git: https://github.com/kylef/WebLinking.swift

SPEC CHECKSUMS:
  Alamofire: dc44b1600b800eb63da6a19039a0083d62a6a62d
  AlamofireImage: 157ed682cc81d3b9db4fb90c1f12180ac552d93b
  AsyncSwift: 632138e42ead868b53c745fcde9bf733ce1527ad
  Crashlytics: 79e236942ca1e7fc641df1feb9a275360a78ab6a
  Decodable: 7c90acc68d357b71d0d6efc120faf9c53c644b7e
  Device: b6f1eac43c482e9b4be50e7606253f2a27449685
  DynamicColor: 3cdaa1e01c16e93ba744e0630f768373e0fc7a7d
  Eureka: f36fd440c3ebb7bfea0a4fbe6f16a05f1cb35906
  Fabric: 5911403591946b8228ab1c51d98f1d7137e863c6
  KeychainAccess: a986406022dfc7c634c691ad3bec670cc6a32002
  Nimble: 415e3aa3267e7bc2c96b05fa814ddea7bb686a29
  NVActivityIndicatorView: 9f52a7f84bf5c6a798722c450fe3c198e01c56ed
  Opera: 5018ced09d6caadc4c1076ea806c940b558761a2
  Quick: dafc587e21eed9f4cab3249b9f9015b0b7a7f71d
  R.swift: 207a372a2b5977caef440c696a368009460641d1
  R.swift.Library: fbdec16c9802ad104fc1ba53415dc190e6ec5c73
  Realm: 07e5d3a9e0e41d65fd5f9f05150ed6295d0f093b
  RealmSwift: 6d06425d3900c86473c4f323bf6949b43fca22bc
  Result: 4edd39003fdccf281d418ee1b006571f70123250
  RxAlamofire: bc53604b29fd2d220cfaa490c736cc4500819f34
  RxCocoa: 15a52fc590dcc700cb4a690a633b5c5184ce3a78
  RxSwift: af5680055c4ad04480189c52d28385b1029493a6
  SwiftDate: 2dfdebd4f67ae71c9c3e2413ee3c56947f302858
  WebLinking: 3f71787c14a225148e8be29fe6e7c98597cbc459
  XLPagerTabStrip: 9be80a66c6b7d60306b2c0a6004965016d68f813
  XLSwiftKit: aaf29528b340180a5d7b9c7e226c0e8fe188f3f5

PODFILE CHECKSUM: 03ae339187b63ede7bc3bc4d66e2b3684fd1010a

COCOAPODS: 1.2.0
